
Microsoft Visual Studio Solution File, Format Version 12.00
# Visual Studio Version 16
VisualStudioVersion = 16.0.30804.86
MinimumVisualStudioVersion = 10.0.40219.1
Project("{FAE04EC0-301F-11D3-BF4B-00C04F79EFBC}") = "Students", "Students\Students.csproj", "{37D40056-DA68-4247-AD01-CF6D1026AAAC}"
EndProject
Global
	GlobalSection(SolutionConfigurationPlatforms) = preSolution
		Debug|Any CPU = Debug|Any CPU
		Release|Any CPU = Release|Any CPU
	EndGlobalSection
	GlobalSection(ProjectConfigurationPlatforms) = postSolution
		{37D40056-DA68-4247-AD01-CF6D1026AAAC}.Debug|Any CPU.ActiveCfg = Debug|Any CPU
		{37D40056-DA68-4247-AD01-CF6D1026AAAC}.Debug|Any CPU.Build.0 = Debug|Any CPU
		{37D40056-DA68-4247-AD01-CF6D1026AAAC}.Release|Any CPU.ActiveCfg = Release|Any CPU
		{37D40056-DA68-4247-AD01-CF6D1026AAAC}.Release|Any CPU.Build.0 = Release|Any CPU
	EndGlobalSection
	GlobalSection(SolutionProperties) = preSolution
		HideSolutionNode = FALSE
	EndGlobalSection
	GlobalSection(ExtensibilityGlobals) = postSolution
		SolutionGuid = {C0D6AA4A-388E-4DEE-AEA6-15347DCFFC25}
	EndGlobalSection
EndGlobal
